lockfileVersion: 5.4

specifiers:
  crypto-random-string: ^5.0.0

dependencies:
  crypto-random-string: 5.0.0

packages:

  /crypto-random-string/5.0.0:
    resolution: {integrity: sha512-KWjTXWwxFd6a94m5CdRGW/t82Tr8DoBc9dNnPCAbFI1EBweN6v1tv8y4Y1m7ndkp/nkIBRxUxAzpaBnR2k3bcQ==}
    engines: {node: '>=14.16'}
    dependencies:
      type-fest: 2.13.0
    dev: false

  /type-fest/2.13.0:
    resolution: {integrity: sha512-lPfAm42MxE4/456+QyIaaVBAwgpJb6xZ8PRu09utnhPdWwcyj9vgy6Sq0Z5yNbJ21EdxB5dRU/Qg8bsyAMtlcw==}
    engines: {node: '>=12.20'}
    dev: false
