lockfileVersion: 5.4

specifiers:
  randomstring: ^1.2.2
  typescript: ^4.7.3

dependencies:
  randomstring: 1.2.2
  typescript: 4.7.3

packages:

  /array-uniq/1.0.2:
    resolution: {integrity: sha512-GVYjmpL05al4dNlKJm53mKE4w9OOLiuVHWorsIA3YVz+Hu0hcn6PtE3Ydl0EqU7v+7ABC4mjjWsnLUxbpno+CA==}
    engines: {node: '>=0.10.0'}
    dev: false

  /randombytes/2.0.3:
    resolution: {integrity: sha512-lDVjxQQFoCG1jcrP06LNo2lbWp4QTShEXnhActFBwYuHprllQV6VUpwreApsYqCgD+N1mHoqJ/BI/4eV4R2GYg==}
    dev: false

  /randomstring/1.2.2:
    resolution: {integrity: sha512-9FByiB8guWZLbE+akdQiWE3I1I6w7Vn5El4o4y7o5bWQ6DWPcEOp+aLG7Jezc8BVRKKpgJd2ppRX0jnKu1YCfg==}
    hasBin: true
    dependencies:
      array-uniq: 1.0.2
      randombytes: 2.0.3
    dev: false

  /typescript/4.7.3:
    resolution: {integrity: sha512-WOkT3XYvrpXx4vMMqlD+8R8R37fZkjyLGlxavMc4iB8lrl8L0DeTcHbYgw/v0N/z9wAFsgBhcsF0ruoySS22mA==}
    engines: {node: '>=4.2.0'}
    hasBin: true
    dev: false
